
Microsoft Visual Studio Solution File, Format Version 12.00
# Visual Studio Version 17
VisualStudioVersion = 17.9.34701.34
MinimumVisualStudioVersion = 10.0.40219.1
Project("{FAE04EC0-301F-11D3-BF4B-00C04F79EFBC}") = "Server", "Server.csproj", "{30762212-A925-427E-BA51-1361F6CB7184}"
EndProject
Project("{FAE04EC0-301F-11D3-BF4B-00C04F79EFBC}") = "Client", "Client\Client.csproj", "{A172F885-1C73-4743-AC0B-37B48D713811}"
EndProject
Global
	GlobalSection(SolutionConfigurationPlatforms) = preSolution
		Debug|Any CPU = Debug|Any CPU
		Release|Any CPU = Release|Any CPU
	EndGlobalSection
	GlobalSection(ProjectConfigurationPlatforms) = postSolution
		{30762212-A925-427E-BA51-1361F6CB7184}.Debug|Any CPU.ActiveCfg = Debug|Any CPU
		{30762212-A925-427E-BA51-1361F6CB7184}.Debug|Any CPU.Build.0 = Debug|Any CPU
		{30762212-A925-427E-BA51-1361F6CB7184}.Release|Any CPU.ActiveCfg = Release|Any CPU
		{30762212-A925-427E-BA51-1361F6CB7184}.Release|Any CPU.Build.0 = Release|Any CPU
		{A172F885-1C73-4743-AC0B-37B48D713811}.Debug|Any CPU.ActiveCfg = Debug|Any CPU
		{A172F885-1C73-4743-AC0B-37B48D713811}.Debug|Any CPU.Build.0 = Debug|Any CPU
		{A172F885-1C73-4743-AC0B-37B48D713811}.Release|Any CPU.ActiveCfg = Release|Any CPU
		{A172F885-1C73-4743-AC0B-37B48D713811}.Release|Any CPU.Build.0 = Release|Any CPU
	EndGlobalSection
	GlobalSection(SolutionProperties) = preSolution
		HideSolutionNode = FALSE
	EndGlobalSection
	GlobalSection(ExtensibilityGlobals) = postSolution
		SolutionGuid = {28F41486-DC01-4B92-9704-A78080DBDC34}
	EndGlobalSection
EndGlobal
